
Microsoft Visual Studio Solution File, Format Version 12.00
# Visual Studio Version 17
VisualStudioVersion = 17.13.35913.81 d17.13
MinimumVisualStudioVersion = 10.0.40219.1
Project("{FAE04EC0-301F-11D3-BF4B-00C04F79EFBC}") = "ticAndToe", "ticAndToe.csproj", "{3DB6941F-E2B4-4020-9971-CE39093D02CC}"
EndProject
Global
	GlobalSection(SolutionConfigurationPlatforms) = preSolution
		Debug|Any CPU = Debug|Any CPU
		Release|Any CPU = Release|Any CPU
	EndGlobalSection
	GlobalSection(ProjectConfigurationPlatforms) = postSolution
		{3DB6941F-E2B4-4020-9971-CE39093D02CC}.Debug|Any CPU.ActiveCfg = Debug|Any CPU
		{3DB6941F-E2B4-4020-9971-CE39093D02CC}.Debug|Any CPU.Build.0 = Debug|Any CPU
		{3DB6941F-E2B4-4020-9971-CE39093D02CC}.Release|Any CPU.ActiveCfg = Release|Any CPU
		{3DB6941F-E2B4-4020-9971-CE39093D02CC}.Release|Any CPU.Build.0 = Release|Any CPU
	EndGlobalSection
	GlobalSection(SolutionProperties) = preSolution
		HideSolutionNode = FALSE
	EndGlobalSection
	GlobalSection(ExtensibilityGlobals) = postSolution
		SolutionGuid = {450703A7-7A6D-4717-A7F3-2EED86E13729}
	EndGlobalSection
EndGlobal
