
Microsoft Visual Studio Solution File, Format Version 12.00
# Visual Studio Version 17
VisualStudioVersion = 17.10.35201.131
MinimumVisualStudioVersion = 10.0.40219.1
Project("{FAE04EC0-301F-11D3-BF4B-00C04F79EFBC}") = "Zadanie2", "Zadanie2\Zadanie2.csproj", "{E27A3414-204F-4403-A5A4-083850088BC3}"
EndProject
Global
	GlobalSection(SolutionConfigurationPlatforms) = preSolution
		Debug|Any CPU = Debug|Any CPU
		Release|Any CPU = Release|Any CPU
	EndGlobalSection
	GlobalSection(ProjectConfigurationPlatforms) = postSolution
		{E27A3414-204F-4403-A5A4-083850088BC3}.Debug|Any CPU.ActiveCfg = Debug|Any CPU
		{E27A3414-204F-4403-A5A4-083850088BC3}.Debug|Any CPU.Build.0 = Debug|Any CPU
		{E27A3414-204F-4403-A5A4-083850088BC3}.Release|Any CPU.ActiveCfg = Release|Any CPU
		{E27A3414-204F-4403-A5A4-083850088BC3}.Release|Any CPU.Build.0 = Release|Any CPU
	EndGlobalSection
	GlobalSection(SolutionProperties) = preSolution
		HideSolutionNode = FALSE
	EndGlobalSection
	GlobalSection(ExtensibilityGlobals) = postSolution
		SolutionGuid = {9D9CE3C6-9CE9-4E33-97D8-C19BABAD4FA2}
	EndGlobalSection
EndGlobal
