
Microsoft Visual Studio Solution File, Format Version 12.00
Project("{FAE04EC0-301F-11D3-BF4B-00C04F79EFBC}") = "DIZadanie", "DIZadanie.csproj", "{308CC1BE-A67B-45AA-A069-303A558DA9D2}"
EndProject
Global
	GlobalSection(SolutionConfigurationPlatforms) = preSolution
		Debug|Any CPU = Debug|Any CPU
		Release|Any CPU = Release|Any CPU
	EndGlobalSection
	GlobalSection(ProjectConfigurationPlatforms) = postSolution
		{308CC1BE-A67B-45AA-A069-303A558DA9D2}.Debug|Any CPU.ActiveCfg = Debug|Any CPU
		{308CC1BE-A67B-45AA-A069-303A558DA9D2}.Debug|Any CPU.Build.0 = Debug|Any CPU
		{308CC1BE-A67B-45AA-A069-303A558DA9D2}.Release|Any CPU.ActiveCfg = Release|Any CPU
		{308CC1BE-A67B-45AA-A069-303A558DA9D2}.Release|Any CPU.Build.0 = Release|Any CPU
	EndGlobalSection
EndGlobal
