
Microsoft Visual Studio Solution File, Format Version 12.00
# Visual Studio Version 17
VisualStudioVersion = 17.13.35828.75 d17.13
MinimumVisualStudioVersion = 10.0.40219.1
Project("{FAE04EC0-301F-11D3-BF4B-00C04F79EFBC}") = "ApiConnect", "ApiConnect.csproj", "{773958FB-1ED3-43B8-B36A-49CE70F262F6}"
EndProject
Project("{FAE04EC0-301F-11D3-BF4B-00C04F79EFBC}") = "Tests", "..\Tests\Tests.csproj", "{6F987CB1-5980-4766-9ABE-21D95CB59274}"
EndProject
Global
	GlobalSection(SolutionConfigurationPlatforms) = preSolution
		Debug|Any CPU = Debug|Any CPU
		Release|Any CPU = Release|Any CPU
	EndGlobalSection
	GlobalSection(ProjectConfigurationPlatforms) = postSolution
		{773958FB-1ED3-43B8-B36A-49CE70F262F6}.Debug|Any CPU.ActiveCfg = Debug|Any CPU
		{773958FB-1ED3-43B8-B36A-49CE70F262F6}.Debug|Any CPU.Build.0 = Debug|Any CPU
		{773958FB-1ED3-43B8-B36A-49CE70F262F6}.Release|Any CPU.ActiveCfg = Release|Any CPU
		{773958FB-1ED3-43B8-B36A-49CE70F262F6}.Release|Any CPU.Build.0 = Release|Any CPU
		{6F987CB1-5980-4766-9ABE-21D95CB59274}.Debug|Any CPU.ActiveCfg = Debug|Any CPU
		{6F987CB1-5980-4766-9ABE-21D95CB59274}.Debug|Any CPU.Build.0 = Debug|Any CPU
		{6F987CB1-5980-4766-9ABE-21D95CB59274}.Release|Any CPU.ActiveCfg = Release|Any CPU
		{6F987CB1-5980-4766-9ABE-21D95CB59274}.Release|Any CPU.Build.0 = Release|Any CPU
	EndGlobalSection
	GlobalSection(SolutionProperties) = preSolution
		HideSolutionNode = FALSE
	EndGlobalSection
	GlobalSection(ExtensibilityGlobals) = postSolution
		SolutionGuid = {C6630F4C-B2F9-4148-957A-E89251A07651}
	EndGlobalSection
EndGlobal
