
Microsoft Visual Studio Solution File, Format Version 12.00
# Visual Studio Version 17
VisualStudioVersion = 17.12.35521.163 d17.12
MinimumVisualStudioVersion = 10.0.40219.1
Project("{FAE04EC0-301F-11D3-BF4B-00C04F79EFBC}") = "SimpleCalculator", "SimpleCalculator.csproj", "{B03EE79D-B47E-4755-887A-ABA354B55304}"
EndProject
Project("{FAE04EC0-301F-11D3-BF4B-00C04F79EFBC}") = "Tests", "..\Tests\Tests.csproj", "{FA1A49AA-A086-429D-A434-1159E51D5F7E}"
EndProject
Global
	GlobalSection(SolutionConfigurationPlatforms) = preSolution
		Debug|Any CPU = Debug|Any CPU
		Release|Any CPU = Release|Any CPU
	EndGlobalSection
	GlobalSection(ProjectConfigurationPlatforms) = postSolution
		{B03EE79D-B47E-4755-887A-ABA354B55304}.Debug|Any CPU.ActiveCfg = Debug|Any CPU
		{B03EE79D-B47E-4755-887A-ABA354B55304}.Debug|Any CPU.Build.0 = Debug|Any CPU
		{B03EE79D-B47E-4755-887A-ABA354B55304}.Release|Any CPU.ActiveCfg = Release|Any CPU
		{B03EE79D-B47E-4755-887A-ABA354B55304}.Release|Any CPU.Build.0 = Release|Any CPU
		{FA1A49AA-A086-429D-A434-1159E51D5F7E}.Debug|Any CPU.ActiveCfg = Debug|Any CPU
		{FA1A49AA-A086-429D-A434-1159E51D5F7E}.Debug|Any CPU.Build.0 = Debug|Any CPU
		{FA1A49AA-A086-429D-A434-1159E51D5F7E}.Release|Any CPU.ActiveCfg = Release|Any CPU
		{FA1A49AA-A086-429D-A434-1159E51D5F7E}.Release|Any CPU.Build.0 = Release|Any CPU
	EndGlobalSection
	GlobalSection(SolutionProperties) = preSolution
		HideSolutionNode = FALSE
	EndGlobalSection
EndGlobal
